
Microsoft Visual Studio Solution File, Format Version 12.00
# Visual Studio Version 16
VisualStudioVersion = 16.0.31205.134
MinimumVisualStudioVersion = 10.0.40219.1
Project("{FAE04EC0-301F-11D3-BF4B-00C04F79EFBC}") = "PO2aula5", "PO2aula5\PO2aula5.csproj", "{47FE7CB3-968C-4367-B477-9C608713E5A8}"
EndProject
Global
	GlobalSection(SolutionConfigurationPlatforms) = preSolution
		Debug|Any CPU = Debug|Any CPU
		Release|Any CPU = Release|Any CPU
	EndGlobalSection
	GlobalSection(ProjectConfigurationPlatforms) = postSolution
		{47FE7CB3-968C-4367-B477-9C608713E5A8}.Debug|Any CPU.ActiveCfg = Debug|Any CPU
		{47FE7CB3-968C-4367-B477-9C608713E5A8}.Debug|Any CPU.Build.0 = Debug|Any CPU
		{47FE7CB3-968C-4367-B477-9C608713E5A8}.Release|Any CPU.ActiveCfg = Release|Any CPU
		{47FE7CB3-968C-4367-B477-9C608713E5A8}.Release|Any CPU.Build.0 = Release|Any CPU
	EndGlobalSection
	GlobalSection(SolutionProperties) = preSolution
		HideSolutionNode = FALSE
	EndGlobalSection
	GlobalSection(ExtensibilityGlobals) = postSolution
		SolutionGuid = {C88B6D2D-0269-42CF-8D6C-1FCC5A0100E3}
	EndGlobalSection
EndGlobal
